
Microsoft Visual Studio Solution File, Format Version 12.00
# Visual Studio Version 17
VisualStudioVersion = 17.13.35931.197 d17.13
MinimumVisualStudioVersion = 10.0.40219.1
Project("{FAE04EC0-301F-11D3-BF4B-00C04F79EFBC}") = "CadastroWebApp", "CadastroWebApp\CadastroWebApp.csproj", "{326890F2-9D21-4B4F-BBDF-C728EEB54687}"
EndProject
Project("{FAE04EC0-301F-11D3-BF4B-00C04F79EFBC}") = "CadastroData", "CadastroData\CadastroData.csproj", "{60FE42D7-8BA1-4935-87C4-824FD626A2CB}"
EndProject
Global
	GlobalSection(SolutionConfigurationPlatforms) = preSolution
		Debug|Any CPU = Debug|Any CPU
		Release|Any CPU = Release|Any CPU
	EndGlobalSection
	GlobalSection(ProjectConfigurationPlatforms) = postSolution
		{326890F2-9D21-4B4F-BBDF-C728EEB54687}.Debug|Any CPU.ActiveCfg = Debug|Any CPU
		{326890F2-9D21-4B4F-BBDF-C728EEB54687}.Debug|Any CPU.Build.0 = Debug|Any CPU
		{326890F2-9D21-4B4F-BBDF-C728EEB54687}.Release|Any CPU.ActiveCfg = Release|Any CPU
		{326890F2-9D21-4B4F-BBDF-C728EEB54687}.Release|Any CPU.Build.0 = Release|Any CPU
		{60FE42D7-8BA1-4935-87C4-824FD626A2CB}.Debug|Any CPU.ActiveCfg = Debug|Any CPU
		{60FE42D7-8BA1-4935-87C4-824FD626A2CB}.Debug|Any CPU.Build.0 = Debug|Any CPU
		{60FE42D7-8BA1-4935-87C4-824FD626A2CB}.Release|Any CPU.ActiveCfg = Release|Any CPU
		{60FE42D7-8BA1-4935-87C4-824FD626A2CB}.Release|Any CPU.Build.0 = Release|Any CPU
	EndGlobalSection
	GlobalSection(SolutionProperties) = preSolution
		HideSolutionNode = FALSE
	EndGlobalSection
	GlobalSection(ExtensibilityGlobals) = postSolution
		SolutionGuid = {5F5B5D8E-9479-4A6A-B0EB-74BE929C569A}
	EndGlobalSection
EndGlobal
